{
    "deployer/deployer": {
        "version": "v6.8.0"
    },
    "deployer/phar-update": {
        "version": "v2.2.0"
    },
    "pimple/pimple": {
        "version": "v3.3.1"
    },
    "symfony/dotenv": {
        "version": "v5.2.1"
    },
    "symfony/flex": {
        "version": "1.0",
        "recipe": {
            "repo": "github.com/symfony/recipes",
            "branch": "master",
            "version": "1.0",
            "ref": "c0eeb50665f0f77226616b6038a9b06c03752d8e"
        },
        "files": [
            ".env"
        ]
    },
    "symfony/process": {
        "version": "v5.2.1"
    },
    "symfony/requirements-checker": {
        "version": "2.0",
        "recipe": {
            "repo": "github.com/symfony/recipes",
            "branch": "master",
            "version": "2.0",
            "ref": "02c6e4b9b117c39e8a23eab7f3840ef6e62293b9"
        }
    },
    "symfony/yaml": {
        "version": "v5.2.1"
    }
}
